
Microsoft Visual Studio Solution File, Format Version 12.00
# Visual Studio Version 16
VisualStudioVersion = 16.0.30503.244
MinimumVisualStudioVersion = 10.0.40219.1
Project("{9A19103F-16F7-4668-BE54-9A1E7A4F7556}") = "OrderSystem", "OrderSystem\OrderSystem.csproj", "{51151E9F-C0CE-499F-9871-D36C097A0A97}"
EndProject
Project("{FAE04EC0-301F-11D3-BF4B-00C04F79EFBC}") = "ModelsPackage", "ModelsPackage\ModelsPackage.csproj", "{DCC8D62D-D050-4441-A813-4EA51C1757CE}"
EndProject
Global
	GlobalSection(SolutionConfigurationPlatforms) = preSolution
		Debug|Any CPU = Debug|Any CPU
		Release|Any CPU = Release|Any CPU
	EndGlobalSection
	GlobalSection(ProjectConfigurationPlatforms) = postSolution
		{51151E9F-C0CE-499F-9871-D36C097A0A97}.Debug|Any CPU.ActiveCfg = Debug|Any CPU
		{51151E9F-C0CE-499F-9871-D36C097A0A97}.Debug|Any CPU.Build.0 = Debug|Any CPU
		{51151E9F-C0CE-499F-9871-D36C097A0A97}.Release|Any CPU.ActiveCfg = Release|Any CPU
		{51151E9F-C0CE-499F-9871-D36C097A0A97}.Release|Any CPU.Build.0 = Release|Any CPU
		{DCC8D62D-D050-4441-A813-4EA51C1757CE}.Debug|Any CPU.ActiveCfg = Debug|Any CPU
		{DCC8D62D-D050-4441-A813-4EA51C1757CE}.Debug|Any CPU.Build.0 = Debug|Any CPU
		{DCC8D62D-D050-4441-A813-4EA51C1757CE}.Release|Any CPU.ActiveCfg = Release|Any CPU
		{DCC8D62D-D050-4441-A813-4EA51C1757CE}.Release|Any CPU.Build.0 = Release|Any CPU
	EndGlobalSection
	GlobalSection(SolutionProperties) = preSolution
		HideSolutionNode = FALSE
	EndGlobalSection
	GlobalSection(ExtensibilityGlobals) = postSolution
		SolutionGuid = {0B2D7EA9-4A06-47B5-9663-1F092F4C90D9}
	EndGlobalSection
EndGlobal
